// !$*UTF8*$!
{
	archiveVersion = 1;
	classes = {
	};
	objectVersion = 50;
	objects = {

/* Begin PBXBuildFile section */
		36D2A14B267DE06A002E962F /* AppDelegate.swift in Sources */ = {isa = PBXBuildFile; fileRef = 36D2A14A267DE06A002E962F /* AppDelegate.swift */; };
		36D2A152267DE06A002E962F /* Main.storyboard in Resources */ = {isa = PBXBuildFile; fileRef = 36D2A150267DE06A002E962F /* Main.storyboard */; };
		36D2A154267DE06D002E962F /* Assets.xcassets in Resources */ = {isa = PBXBuildFile; fileRef = 36D2A153267DE06D002E962F /* Assets.xcassets */; };
		36D2A157267DE06D002E962F /* LaunchScreen.storyboard in Resources */ = {isa = PBXBuildFile; fileRef = 36D2A155267DE06D002E962F /* LaunchScreen.storyboard */; };
		36D2A162267DE06D002E962F /* AppsPanelTests.swift in Sources */ = {isa = PBXBuildFile; fileRef = 36D2A161267DE06D002E962F /* AppsPanelTests.swift */; };
		36D2A16D267DE06D002E962F /* AppsPanelUITests.swift in Sources */ = {isa = PBXBuildFile; fileRef = 36D2A16C267DE06D002E962F /* AppsPanelUITests.swift */; };
		36D2A183267DE0F4002E962F /* ApiService.swift in Sources */ = {isa = PBXBuildFile; fileRef = 36D2A181267DE0F4002E962F /* ApiService.swift */; };
		36D2A184267DE0F4002E962F /* ApiValues.swift in Sources */ = {isa = PBXBuildFile; fileRef = 36D2A182267DE0F4002E962F /* ApiValues.swift */; };
		36D2A187267DE102002E962F /* EventRepository.swift in Sources */ = {isa = PBXBuildFile; fileRef = 36D2A186267DE102002E962F /* EventRepository.swift */; };
		36D2A189267DE199002E962F /* EventDTO.swift in Sources */ = {isa = PBXBuildFile; fileRef = 36D2A188267DE199002E962F /* EventDTO.swift */; };
		36D2A18F267DE4BF002E962F /* Event.swift in Sources */ = {isa = PBXBuildFile; fileRef = 36D2A18E267DE4BF002E962F /* Event.swift */; };
		36D2A191267DE501002E962F /* EventMapper.swift in Sources */ = {isa = PBXBuildFile; fileRef = 36D2A190267DE501002E962F /* EventMapper.swift */; };
		36D2A19E267DEB38002E962F /* EventsViewController.swift in Sources */ = {isa = PBXBuildFile; fileRef = 36D2A19D267DEB38002E962F /* EventsViewController.swift */; };
		36D2A1A3267DEE60002E962F /* EventTableViewCell.swift in Sources */ = {isa = PBXBuildFile; fileRef = 36D2A1A2267DEE60002E962F /* EventTableViewCell.swift */; };
		36D2A1A5267DEEC7002E962F /* EventTableViewCell.xib in Resources */ = {isa = PBXBuildFile; fileRef = 36D2A1A4267DEEC7002E962F /* EventTableViewCell.xib */; };
		36D2A1A7267DF106002E962F /* EventViewModel.swift in Sources */ = {isa = PBXBuildFile; fileRef = 36D2A1A6267DF106002E962F /* EventViewModel.swift */; };
		36D2A1AA267DF2CB002E962F /* CellIdentifierValues.swift in Sources */ = {isa = PBXBuildFile; fileRef = 36D2A1A9267DF2CB002E962F /* CellIdentifierValues.swift */; };
		36D2A1B1267E0237002E962F /* Calendar+Extension.swift in Sources */ = {isa = PBXBuildFile; fileRef = 36D2A1B0267E0237002E962F /* Calendar+Extension.swift */; };
		36D2A1B7267E07F7002E962F /* InfosViewController.swift in Sources */ = {isa = PBXBuildFile; fileRef = 36D2A1B6267E07F7002E962F /* InfosViewController.swift */; };
		36D2A1B9267E0C47002E962F /* InfoRepository.swift in Sources */ = {isa = PBXBuildFile; fileRef = 36D2A1B8267E0C47002E962F /* InfoRepository.swift */; };
		36D2A1BB267E0DAA002E962F /* InfoViewModel.swift in Sources */ = {isa = PBXBuildFile; fileRef = 36D2A1BA267E0DAA002E962F /* InfoViewModel.swift */; };
		36D2A1BE267E128A002E962F /* SignUpViewController.swift in Sources */ = {isa = PBXBuildFile; fileRef = 36D2A1BD267E128A002E962F /* SignUpViewController.swift */; };
		36D2A1C0267E155C002E962F /* String+Extension.swift in Sources */ = {isa = PBXBuildFile; fileRef = 36D2A1BF267E155C002E962F /* String+Extension.swift */; };
		36D2A1C2267E1E74002E962F /* SignUpRepository.swift in Sources */ = {isa = PBXBuildFile; fileRef = 36D2A1C1267E1E74002E962F /* SignUpRepository.swift */; };
		36D2A1C4267E1ED3002E962F /* SignUpDTO.swift in Sources */ = {isa = PBXBuildFile; fileRef = 36D2A1C3267E1ED3002E962F /* SignUpDTO.swift */; };
		36D2A1C6267E211E002E962F /* SignUpViewModel.swift in Sources */ = {isa = PBXBuildFile; fileRef = 36D2A1C5267E211E002E962F /* SignUpViewModel.swift */; };
		36D2A1C8267E256D002E962F /* ResponseSignUpDTO.swift in Sources */ = {isa = PBXBuildFile; fileRef = 36D2A1C7267E256D002E962F /* ResponseSignUpDTO.swift */; };
		36D2A1CA267E25A2002E962F /* DetailResponseSignUpDTO.swift in Sources */ = {isa = PBXBuildFile; fileRef = 36D2A1C9267E25A2002E962F /* DetailResponseSignUpDTO.swift */; };
		36D2A1CC267E26B5002E962F /* DetailResponseSignUp.swift in Sources */ = {isa = PBXBuildFile; fileRef = 36D2A1CB267E26B5002E962F /* DetailResponseSignUp.swift */; };
		36D2A1CE267E26E9002E962F /* ResponseSignUp.swift in Sources */ = {isa = PBXBuildFile; fileRef = 36D2A1CD267E26E9002E962F /* ResponseSignUp.swift */; };
		36D2A1D0267E2721002E962F /* ResponseSignUpMapper.swift in Sources */ = {isa = PBXBuildFile; fileRef = 36D2A1CF267E2721002E962F /* ResponseSignUpMapper.swift */; };
		36D2A1D3267E333C002E962F /* EventImageViewController.swift in Sources */ = {isa = PBXBuildFile; fileRef = 36D2A1D2267E333C002E962F /* EventImageViewController.swift */; };
		36D2A1D5267E3350002E962F /* EventImageViewController.xib in Resources */ = {isa = PBXBuildFile; fileRef = 36D2A1D4267E3350002E962F /* EventImageViewController.xib */; };
		36D2A1D7267E394F002E962F /* ViewController+Extension.swift in Sources */ = {isa = PBXBuildFile; fileRef = 36D2A1D6267E394F002E962F /* ViewController+Extension.swift */; };
/* End PBXBuildFile section */

/* Begin PBXContainerItemProxy section */
		36D2A15E267DE06D002E962F /* PBXContainerItemProxy */ = {
			isa = PBXContainerItemProxy;
			containerPortal = 36D2A13F267DE06A002E962F /* Project object */;
			proxyType = 1;
			remoteGlobalIDString = 36D2A146267DE06A002E962F;
			remoteInfo = AppsPanel;
		};
		36D2A169267DE06D002E962F /* PBXContainerItemProxy */ = {
			isa = PBXContainerItemProxy;
			containerPortal = 36D2A13F267DE06A002E962F /* Project object */;
			proxyType = 1;
			remoteGlobalIDString = 36D2A146267DE06A002E962F;
			remoteInfo = AppsPanel;
		};
/* End PBXContainerItemProxy section */

/* Begin PBXFileReference section */
		36D2A147267DE06A002E962F /* AppsPanel.app */ = {isa = PBXFileReference; explicitFileType = wrapper.application; includeInIndex = 0; path = AppsPanel.app; sourceTree = BUILT_PRODUCTS_DIR; };
		36D2A14A267DE06A002E962F /* AppDelegate.swift */ = {isa = PBXFileReference; lastKnownFileType = sourcecode.swift; path = AppDelegate.swift; sourceTree = "<group>"; };
		36D2A151267DE06A002E962F /* Base */ = {isa = PBXFileReference; lastKnownFileType = file.storyboard; name = Base; path = Base.lproj/Main.storyboard; sourceTree = "<group>"; };
		36D2A153267DE06D002E962F /* Assets.xcassets */ = {isa = PBXFileReference; lastKnownFileType = folder.assetcatalog; path = Assets.xcassets; sourceTree = "<group>"; };
		36D2A156267DE06D002E962F /* Base */ = {isa = PBXFileReference; lastKnownFileType = file.storyboard; name = Base; path = Base.lproj/LaunchScreen.storyboard; sourceTree = "<group>"; };
		36D2A158267DE06D002E962F /* Info.plist */ = {isa = PBXFileReference; lastKnownFileType = text.plist.xml; path = Info.plist; sourceTree = "<group>"; };
		36D2A15D267DE06D002E962F /* AppsPanelTests.xctest */ = {isa = PBXFileReference; explicitFileType = wrapper.cfbundle; includeInIndex = 0; path = AppsPanelTests.xctest; sourceTree = BUILT_PRODUCTS_DIR; };
		36D2A161267DE06D002E962F /* AppsPanelTests.swift */ = {isa = PBXFileReference; lastKnownFileType = sourcecode.swift; path = AppsPanelTests.swift; sourceTree = "<group>"; };
		36D2A163267DE06D002E962F /* Info.plist */ = {isa = PBXFileReference; lastKnownFileType = text.plist.xml; path = Info.plist; sourceTree = "<group>"; };
		36D2A168267DE06D002E962F /* AppsPanelUITests.xctest */ = {isa = PBXFileReference; explicitFileType = wrapper.cfbundle; includeInIndex = 0; path = AppsPanelUITests.xctest; sourceTree = BUILT_PRODUCTS_DIR; };
		36D2A16C267DE06D002E962F /* AppsPanelUITests.swift */ = {isa = PBXFileReference; lastKnownFileType = sourcecode.swift; path = AppsPanelUITests.swift; sourceTree = "<group>"; };
		36D2A16E267DE06D002E962F /* Info.plist */ = {isa = PBXFileReference; lastKnownFileType = text.plist.xml; path = Info.plist; sourceTree = "<group>"; };
		36D2A181267DE0F4002E962F /* ApiService.swift */ = {isa = PBXFileReference; fileEncoding = 4; lastKnownFileType = sourcecode.swift; path = ApiService.swift; sourceTree = "<group>"; };
		36D2A182267DE0F4002E962F /* ApiValues.swift */ = {isa = PBXFileReference; fileEncoding = 4; lastKnownFileType = sourcecode.swift; path = ApiValues.swift; sourceTree = "<group>"; };
		36D2A186267DE102002E962F /* EventRepository.swift */ = {isa = PBXFileReference; fileEncoding = 4; lastKnownFileType = sourcecode.swift; path = EventRepository.swift; sourceTree = "<group>"; };
		36D2A188267DE199002E962F /* EventDTO.swift */ = {isa = PBXFileReference; fileEncoding = 4; lastKnownFileType = sourcecode.swift; path = EventDTO.swift; sourceTree = "<group>"; };
		36D2A18E267DE4BF002E962F /* Event.swift */ = {isa = PBXFileReference; lastKnownFileType = sourcecode.swift; path = Event.swift; sourceTree = "<group>"; };
		36D2A190267DE501002E962F /* EventMapper.swift */ = {isa = PBXFileReference; lastKnownFileType = sourcecode.swift; path = EventMapper.swift; sourceTree = "<group>"; };
		36D2A19D267DEB38002E962F /* EventsViewController.swift */ = {isa = PBXFileReference; lastKnownFileType = sourcecode.swift; path = EventsViewController.swift; sourceTree = "<group>"; };
		36D2A1A2267DEE60002E962F /* EventTableViewCell.swift */ = {isa = PBXFileReference; lastKnownFileType = sourcecode.swift; path = EventTableViewCell.swift; sourceTree = "<group>"; };
		36D2A1A4267DEEC7002E962F /* EventTableViewCell.xib */ = {isa = PBXFileReference; lastKnownFileType = file.xib; path = EventTableViewCell.xib; sourceTree = "<group>"; };
		36D2A1A6267DF106002E962F /* EventViewModel.swift */ = {isa = PBXFileReference; lastKnownFileType = sourcecode.swift; path = EventViewModel.swift; sourceTree = "<group>"; };
		36D2A1A9267DF2CB002E962F /* CellIdentifierValues.swift */ = {isa = PBXFileReference; lastKnownFileType = sourcecode.swift; path = CellIdentifierValues.swift; sourceTree = "<group>"; };
		36D2A1B0267E0237002E962F /* Calendar+Extension.swift */ = {isa = PBXFileReference; lastKnownFileType = sourcecode.swift; path = "Calendar+Extension.swift"; sourceTree = "<group>"; };
		36D2A1B6267E07F7002E962F /* InfosViewController.swift */ = {isa = PBXFileReference; lastKnownFileType = sourcecode.swift; path = InfosViewController.swift; sourceTree = "<group>"; };
		36D2A1B8267E0C47002E962F /* InfoRepository.swift */ = {isa = PBXFileReference; lastKnownFileType = sourcecode.swift; path = InfoRepository.swift; sourceTree = "<group>"; };
		36D2A1BA267E0DAA002E962F /* InfoViewModel.swift */ = {isa = PBXFileReference; lastKnownFileType = sourcecode.swift; path = InfoViewModel.swift; sourceTree = "<group>"; };
		36D2A1BD267E128A002E962F /* SignUpViewController.swift */ = {isa = PBXFileReference; lastKnownFileType = sourcecode.swift; path = SignUpViewController.swift; sourceTree = "<group>"; };
		36D2A1BF267E155C002E962F /* String+Extension.swift */ = {isa = PBXFileReference; lastKnownFileType = sourcecode.swift; path = "String+Extension.swift"; sourceTree = "<group>"; };
		36D2A1C1267E1E74002E962F /* SignUpRepository.swift */ = {isa = PBXFileReference; lastKnownFileType = sourcecode.swift; path = SignUpRepository.swift; sourceTree = "<group>"; };
		36D2A1C3267E1ED3002E962F /* SignUpDTO.swift */ = {isa = PBXFileReference; lastKnownFileType = sourcecode.swift; path = SignUpDTO.swift; sourceTree = "<group>"; };
		36D2A1C5267E211E002E962F /* SignUpViewModel.swift */ = {isa = PBXFileReference; lastKnownFileType = sourcecode.swift; path = SignUpViewModel.swift; sourceTree = "<group>"; };
		36D2A1C7267E256D002E962F /* ResponseSignUpDTO.swift */ = {isa = PBXFileReference; lastKnownFileType = sourcecode.swift; path = ResponseSignUpDTO.swift; sourceTree = "<group>"; };
		36D2A1C9267E25A2002E962F /* DetailResponseSignUpDTO.swift */ = {isa = PBXFileReference; lastKnownFileType = sourcecode.swift; path = DetailResponseSignUpDTO.swift; sourceTree = "<group>"; };
		36D2A1CB267E26B5002E962F /* DetailResponseSignUp.swift */ = {isa = PBXFileReference; lastKnownFileType = sourcecode.swift; path = DetailResponseSignUp.swift; sourceTree = "<group>"; };
		36D2A1CD267E26E9002E962F /* ResponseSignUp.swift */ = {isa = PBXFileReference; lastKnownFileType = sourcecode.swift; path = ResponseSignUp.swift; sourceTree = "<group>"; };
		36D2A1CF267E2721002E962F /* ResponseSignUpMapper.swift */ = {isa = PBXFileReference; lastKnownFileType = sourcecode.swift; path = ResponseSignUpMapper.swift; sourceTree = "<group>"; };
		36D2A1D2267E333C002E962F /* EventImageViewController.swift */ = {isa = PBXFileReference; lastKnownFileType = sourcecode.swift; path = EventImageViewController.swift; sourceTree = "<group>"; };
		36D2A1D4267E3350002E962F /* EventImageViewController.xib */ = {isa = PBXFileReference; lastKnownFileType = file.xib; path = EventImageViewController.xib; sourceTree = "<group>"; };
		36D2A1D6267E394F002E962F /* ViewController+Extension.swift */ = {isa = PBXFileReference; lastKnownFileType = sourcecode.swift; path = "ViewController+Extension.swift"; sourceTree = "<group>"; };
/* End PBXFileReference section */

/* Begin PBXFrameworksBuildPhase section */
		36D2A144267DE06A002E962F /* Frameworks */ = {
			isa = PBXFrameworksBuildPhase;
			buildActionMask = 2147483647;
			files = (
			);
			runOnlyForDeploymentPostprocessing = 0;
		};
		36D2A15A267DE06D002E962F /* Frameworks */ = {
			isa = PBXFrameworksBuildPhase;
			buildActionMask = 2147483647;
			files = (
			);
			runOnlyForDeploymentPostprocessing = 0;
		};
		36D2A165267DE06D002E962F /* Frameworks */ = {
			isa = PBXFrameworksBuildPhase;
			buildActionMask = 2147483647;
			files = (
			);
			runOnlyForDeploymentPostprocessing = 0;
		};
/* End PBXFrameworksBuildPhase section */

/* Begin PBXGroup section */
		36D2A13E267DE06A002E962F = {
			isa = PBXGroup;
			children = (
				36D2A149267DE06A002E962F /* AppsPanel */,
				36D2A160267DE06D002E962F /* AppsPanelTests */,
				36D2A16B267DE06D002E962F /* AppsPanelUITests */,
				36D2A148267DE06A002E962F /* Products */,
			);
			sourceTree = "<group>";
		};
		36D2A148267DE06A002E962F /* Products */ = {
			isa = PBXGroup;
			children = (
				36D2A147267DE06A002E962F /* AppsPanel.app */,
				36D2A15D267DE06D002E962F /* AppsPanelTests.xctest */,
				36D2A168267DE06D002E962F /* AppsPanelUITests.xctest */,
			);
			name = Products;
			sourceTree = "<group>";
		};
		36D2A149267DE06A002E962F /* AppsPanel */ = {
			isa = PBXGroup;
			children = (
				36D2A1AD267E000F002E962F /* extension */,
				36D2A19B267DEB09002E962F /* viewController */,
				36D2A17C267DE0BF002E962F /* data */,
				36D2A14A267DE06A002E962F /* AppDelegate.swift */,
				36D2A150267DE06A002E962F /* Main.storyboard */,
				36D2A153267DE06D002E962F /* Assets.xcassets */,
				36D2A155267DE06D002E962F /* LaunchScreen.storyboard */,
				36D2A158267DE06D002E962F /* Info.plist */,
			);
			path = AppsPanel;
			sourceTree = "<group>";
		};
		36D2A160267DE06D002E962F /* AppsPanelTests */ = {
			isa = PBXGroup;
			children = (
				36D2A161267DE06D002E962F /* AppsPanelTests.swift */,
				36D2A163267DE06D002E962F /* Info.plist */,
			);
			path = AppsPanelTests;
			sourceTree = "<group>";
		};
		36D2A16B267DE06D002E962F /* AppsPanelUITests */ = {
			isa = PBXGroup;
			children = (
				36D2A16C267DE06D002E962F /* AppsPanelUITests.swift */,
				36D2A16E267DE06D002E962F /* Info.plist */,
			);
			path = AppsPanelUITests;
			sourceTree = "<group>";
		};
		36D2A17C267DE0BF002E962F /* data */ = {
			isa = PBXGroup;
			children = (
				36D2A1A8267DF2BC002E962F /* values */,
				36D2A18C267DE4A2002E962F /* mapper */,
				36D2A185267DE0F8002E962F /* repository */,
				36D2A180267DE0E6002E962F /* api */,
				36D2A18D267DE4AD002E962F /* entity */,
				36D2A17D267DE0C3002E962F /* dto */,
			);
			path = data;
			sourceTree = "<group>";
		};
		36D2A17D267DE0C3002E962F /* dto */ = {
			isa = PBXGroup;
			children = (
				36D2A188267DE199002E962F /* EventDTO.swift */,
				36D2A1C3267E1ED3002E962F /* SignUpDTO.swift */,
				36D2A1C7267E256D002E962F /* ResponseSignUpDTO.swift */,
				36D2A1C9267E25A2002E962F /* DetailResponseSignUpDTO.swift */,
			);
			path = dto;
			sourceTree = "<group>";
		};
		36D2A180267DE0E6002E962F /* api */ = {
			isa = PBXGroup;
			children = (
				36D2A181267DE0F4002E962F /* ApiService.swift */,
			);
			path = api;
			sourceTree = "<group>";
		};
		36D2A185267DE0F8002E962F /* repository */ = {
			isa = PBXGroup;
			children = (
				36D2A186267DE102002E962F /* EventRepository.swift */,
				36D2A1B8267E0C47002E962F /* InfoRepository.swift */,
				36D2A1C1267E1E74002E962F /* SignUpRepository.swift */,
			);
			path = repository;
			sourceTree = "<group>";
		};
		36D2A18C267DE4A2002E962F /* mapper */ = {
			isa = PBXGroup;
			children = (
				36D2A190267DE501002E962F /* EventMapper.swift */,
				36D2A1CF267E2721002E962F /* ResponseSignUpMapper.swift */,
			);
			path = mapper;
			sourceTree = "<group>";
		};
		36D2A18D267DE4AD002E962F /* entity */ = {
			isa = PBXGroup;
			children = (
				36D2A18E267DE4BF002E962F /* Event.swift */,
				36D2A1CB267E26B5002E962F /* DetailResponseSignUp.swift */,
				36D2A1CD267E26E9002E962F /* ResponseSignUp.swift */,
			);
			path = entity;
			sourceTree = "<group>";
		};
		36D2A19B267DEB09002E962F /* viewController */ = {
			isa = PBXGroup;
			children = (
				36D2A1BC267E1261002E962F /* signup */,
				36D2A1B5267E07EA002E962F /* infos */,
				36D2A19C267DEB12002E962F /* events */,
			);
			path = viewController;
			sourceTree = "<group>";
		};
		36D2A19C267DEB12002E962F /* events */ = {
			isa = PBXGroup;
			children = (
				36D2A1D1267E332B002E962F /* detail */,
				36D2A1A1267DEE36002E962F /* cell */,
				36D2A19D267DEB38002E962F /* EventsViewController.swift */,
				36D2A1A6267DF106002E962F /* EventViewModel.swift */,
			);
			path = events;
			sourceTree = "<group>";
		};
		36D2A1A1267DEE36002E962F /* cell */ = {
			isa = PBXGroup;
			children = (
				36D2A1A2267DEE60002E962F /* EventTableViewCell.swift */,
				36D2A1A4267DEEC7002E962F /* EventTableViewCell.xib */,
			);
			path = cell;
			sourceTree = "<group>";
		};
		36D2A1A8267DF2BC002E962F /* values */ = {
			isa = PBXGroup;
			children = (
				36D2A182267DE0F4002E962F /* ApiValues.swift */,
				36D2A1A9267DF2CB002E962F /* CellIdentifierValues.swift */,
			);
			path = values;
			sourceTree = "<group>";
		};
		36D2A1AD267E000F002E962F /* extension */ = {
			isa = PBXGroup;
			children = (
				36D2A1B0267E0237002E962F /* Calendar+Extension.swift */,
				36D2A1BF267E155C002E962F /* String+Extension.swift */,
				36D2A1D6267E394F002E962F /* ViewController+Extension.swift */,
			);
			path = extension;
			sourceTree = "<group>";
		};
		36D2A1B5267E07EA002E962F /* infos */ = {
			isa = PBXGroup;
			children = (
				36D2A1B6267E07F7002E962F /* InfosViewController.swift */,
				36D2A1BA267E0DAA002E962F /* InfoViewModel.swift */,
			);
			path = infos;
			sourceTree = "<group>";
		};
		36D2A1BC267E1261002E962F /* signup */ = {
			isa = PBXGroup;
			children = (
				36D2A1BD267E128A002E962F /* SignUpViewController.swift */,
				36D2A1C5267E211E002E962F /* SignUpViewModel.swift */,
			);
			path = signup;
			sourceTree = "<group>";
		};
		36D2A1D1267E332B002E962F /* detail */ = {
			isa = PBXGroup;
			children = (
				36D2A1D2267E333C002E962F /* EventImageViewController.swift */,
				36D2A1D4267E3350002E962F /* EventImageViewController.xib */,
			);
			path = detail;
			sourceTree = "<group>";
		};
/* End PBXGroup section */

/* Begin PBXNativeTarget section */
		36D2A146267DE06A002E962F /* AppsPanel */ = {
			isa = PBXNativeTarget;
			buildConfigurationList = 36D2A171267DE06D002E962F /* Build configuration list for PBXNativeTarget "AppsPanel" */;
			buildPhases = (
				36D2A143267DE06A002E962F /* Sources */,
				36D2A144267DE06A002E962F /* Frameworks */,
				36D2A145267DE06A002E962F /* Resources */,
			);
			buildRules = (
			);
			dependencies = (
			);
			name = AppsPanel;
			productName = AppsPanel;
			productReference = 36D2A147267DE06A002E962F /* AppsPanel.app */;
			productType = "com.apple.product-type.application";
		};
		36D2A15C267DE06D002E962F /* AppsPanelTests */ = {
			isa = PBXNativeTarget;
			buildConfigurationList = 36D2A174267DE06D002E962F /* Build configuration list for PBXNativeTarget "AppsPanelTests" */;
			buildPhases = (
				36D2A159267DE06D002E962F /* Sources */,
				36D2A15A267DE06D002E962F /* Frameworks */,
				36D2A15B267DE06D002E962F /* Resources */,
			);
			buildRules = (
			);
			dependencies = (
				36D2A15F267DE06D002E962F /* PBXTargetDependency */,
			);
			name = AppsPanelTests;
			productName = AppsPanelTests;
			productReference = 36D2A15D267DE06D002E962F /* AppsPanelTests.xctest */;
			productType = "com.apple.product-type.bundle.unit-test";
		};
		36D2A167267DE06D002E962F /* AppsPanelUITests */ = {
			isa = PBXNativeTarget;
			buildConfigurationList = 36D2A177267DE06D002E962F /* Build configuration list for PBXNativeTarget "AppsPanelUITests" */;
			buildPhases = (
				36D2A164267DE06D002E962F /* Sources */,
				36D2A165267DE06D002E962F /* Frameworks */,
				36D2A166267DE06D002E962F /* Resources */,
			);
			buildRules = (
			);
			dependencies = (
				36D2A16A267DE06D002E962F /* PBXTargetDependency */,
			);
			name = AppsPanelUITests;
			productName = AppsPanelUITests;
			productReference = 36D2A168267DE06D002E962F /* AppsPanelUITests.xctest */;
			productType = "com.apple.product-type.bundle.ui-testing";
		};
/* End PBXNativeTarget section */

/* Begin PBXProject section */
		36D2A13F267DE06A002E962F /* Project object */ = {
			isa = PBXProject;
			attributes = {
				LastSwiftUpdateCheck = 1250;
				LastUpgradeCheck = 1250;
				TargetAttributes = {
					36D2A146267DE06A002E962F = {
						CreatedOnToolsVersion = 12.5;
					};
					36D2A15C267DE06D002E962F = {
						CreatedOnToolsVersion = 12.5;
						TestTargetID = 36D2A146267DE06A002E962F;
					};
					36D2A167267DE06D002E962F = {
						CreatedOnToolsVersion = 12.5;
						TestTargetID = 36D2A146267DE06A002E962F;
					};
				};
			};
			buildConfigurationList = 36D2A142267DE06A002E962F /* Build configuration list for PBXProject "AppsPanel" */;
			compatibilityVersion = "Xcode 9.3";
			developmentRegion = en;
			hasScannedForEncodings = 0;
			knownRegions = (
				en,
				Base,
			);
			mainGroup = 36D2A13E267DE06A002E962F;
			productRefGroup = 36D2A148267DE06A002E962F /* Products */;
			projectDirPath = "";
			projectRoot = "";
			targets = (
				36D2A146267DE06A002E962F /* AppsPanel */,
				36D2A15C267DE06D002E962F /* AppsPanelTests */,
				36D2A167267DE06D002E962F /* AppsPanelUITests */,
			);
		};
/* End PBXProject section */

/* Begin PBXResourcesBuildPhase section */
		36D2A145267DE06A002E962F /* Resources */ = {
			isa = PBXResourcesBuildPhase;
			buildActionMask = 2147483647;
			files = (
				36D2A1A5267DEEC7002E962F /* EventTableViewCell.xib in Resources */,
				36D2A1D5267E3350002E962F /* EventImageViewController.xib in Resources */,
				36D2A157267DE06D002E962F /* LaunchScreen.storyboard in Resources */,
				36D2A154267DE06D002E962F /* Assets.xcassets in Resources */,
				36D2A152267DE06A002E962F /* Main.storyboard in Resources */,
			);
			runOnlyForDeploymentPostprocessing = 0;
		};
		36D2A15B267DE06D002E962F /* Resources */ = {
			isa = PBXResourcesBuildPhase;
			buildActionMask = 2147483647;
			files = (
			);
			runOnlyForDeploymentPostprocessing = 0;
		};
		36D2A166267DE06D002E962F /* Resources */ = {
			isa = PBXResourcesBuildPhase;
			buildActionMask = 2147483647;
			files = (
			);
			runOnlyForDeploymentPostprocessing = 0;
		};
/* End PBXResourcesBuildPhase section */

/* Begin PBXSourcesBuildPhase section */
		36D2A143267DE06A002E962F /* Sources */ = {
			isa = PBXSourcesBuildPhase;
			buildActionMask = 2147483647;
			files = (
				36D2A189267DE199002E962F /* EventDTO.swift in Sources */,
				36D2A1C2267E1E74002E962F /* SignUpRepository.swift in Sources */,
				36D2A1CC267E26B5002E962F /* DetailResponseSignUp.swift in Sources */,
				36D2A1C6267E211E002E962F /* SignUpViewModel.swift in Sources */,
				36D2A1CE267E26E9002E962F /* ResponseSignUp.swift in Sources */,
				36D2A1B9267E0C47002E962F /* InfoRepository.swift in Sources */,
				36D2A183267DE0F4002E962F /* ApiService.swift in Sources */,
				36D2A191267DE501002E962F /* EventMapper.swift in Sources */,
				36D2A1D0267E2721002E962F /* ResponseSignUpMapper.swift in Sources */,
				36D2A1B7267E07F7002E962F /* InfosViewController.swift in Sources */,
				36D2A1BB267E0DAA002E962F /* InfoViewModel.swift in Sources */,
				36D2A1A7267DF106002E962F /* EventViewModel.swift in Sources */,
				36D2A184267DE0F4002E962F /* ApiValues.swift in Sources */,
				36D2A1C0267E155C002E962F /* String+Extension.swift in Sources */,
				36D2A1D7267E394F002E962F /* ViewController+Extension.swift in Sources */,
				36D2A1B1267E0237002E962F /* Calendar+Extension.swift in Sources */,
				36D2A1A3267DEE60002E962F /* EventTableViewCell.swift in Sources */,
				36D2A1CA267E25A2002E962F /* DetailResponseSignUpDTO.swift in Sources */,
				36D2A1BE267E128A002E962F /* SignUpViewController.swift in Sources */,
				36D2A187267DE102002E962F /* EventRepository.swift in Sources */,
				36D2A1D3267E333C002E962F /* EventImageViewController.swift in Sources */,
				36D2A1C4267E1ED3002E962F /* SignUpDTO.swift in Sources */,
				36D2A18F267DE4BF002E962F /* Event.swift in Sources */,
				36D2A1C8267E256D002E962F /* ResponseSignUpDTO.swift in Sources */,
				36D2A14B267DE06A002E962F /* AppDelegate.swift in Sources */,
				36D2A19E267DEB38002E962F /* EventsViewController.swift in Sources */,
				36D2A1AA267DF2CB002E962F /* CellIdentifierValues.swift in Sources */,
			);
			runOnlyForDeploymentPostprocessing = 0;
		};
		36D2A159267DE06D002E962F /* Sources */ = {
			isa = PBXSourcesBuildPhase;
			buildActionMask = 2147483647;
			files = (
				36D2A162267DE06D002E962F /* AppsPanelTests.swift in Sources */,
			);
			runOnlyForDeploymentPostprocessing = 0;
		};
		36D2A164267DE06D002E962F /* Sources */ = {
			isa = PBXSourcesBuildPhase;
			buildActionMask = 2147483647;
			files = (
				36D2A16D267DE06D002E962F /* AppsPanelUITests.swift in Sources */,
			);
			runOnlyForDeploymentPostprocessing = 0;
		};
/* End PBXSourcesBuildPhase section */

/* Begin PBXTargetDependency section */
		36D2A15F267DE06D002E962F /* PBXTargetDependency */ = {
			isa = PBXTargetDependency;
			target = 36D2A146267DE06A002E962F /* AppsPanel */;
			targetProxy = 36D2A15E267DE06D002E962F /* PBXContainerItemProxy */;
		};
		36D2A16A267DE06D002E962F /* PBXTargetDependency */ = {
			isa = PBXTargetDependency;
			target = 36D2A146267DE06A002E962F /* AppsPanel */;
			targetProxy = 36D2A169267DE06D002E962F /* PBXContainerItemProxy */;
		};
/* End PBXTargetDependency section */

/* Begin PBXVariantGroup section */
		36D2A150267DE06A002E962F /* Main.storyboard */ = {
			isa = PBXVariantGroup;
			children = (
				36D2A151267DE06A002E962F /* Base */,
			);
			name = Main.storyboard;
			sourceTree = "<group>";
		};
		36D2A155267DE06D002E962F /* LaunchScreen.storyboard */ = {
			isa = PBXVariantGroup;
			children = (
				36D2A156267DE06D002E962F /* Base */,
			);
			name = LaunchScreen.storyboard;
			sourceTree = "<group>";
		};
/* End PBXVariantGroup section */

/* Begin XCBuildConfiguration section */
		36D2A16F267DE06D002E962F /* Debug */ = {
			isa = XCBuildConfiguration;
			buildSettings = {
				ALWAYS_SEARCH_USER_PATHS = NO;
				CLANG_ANALYZER_NONNULL = YES;
				CLANG_ANALYZER_NUMBER_OBJECT_CONVERSION = YES_AGGRESSIVE;
				CLANG_CXX_LANGUAGE_STANDARD = "gnu++14";
				CLANG_CXX_LIBRARY = "libc++";
				CLANG_ENABLE_MODULES = YES;
				CLANG_ENABLE_OBJC_ARC = YES;
				CLANG_ENABLE_OBJC_WEAK = YES;
				CLANG_WARN_BLOCK_CAPTURE_AUTORELEASING = YES;
				CLANG_WARN_BOOL_CONVERSION = YES;
				CLANG_WARN_COMMA = YES;
				CLANG_WARN_CONSTANT_CONVERSION = YES;
				CLANG_WARN_DEPRECATED_OBJC_IMPLEMENTATIONS = YES;
				CLANG_WARN_DIRECT_OBJC_ISA_USAGE = YES_ERROR;
				CLANG_WARN_DOCUMENTATION_COMMENTS = YES;
				CLANG_WARN_EMPTY_BODY = YES;
				CLANG_WARN_ENUM_CONVERSION = YES;
				CLANG_WARN_INFINITE_RECURSION = YES;
				CLANG_WARN_INT_CONVERSION = YES;
				CLANG_WARN_NON_LITERAL_NULL_CONVERSION = YES;
				CLANG_WARN_OBJC_IMPLICIT_RETAIN_SELF = YES;
				CLANG_WARN_OBJC_LITERAL_CONVERSION = YES;
				CLANG_WARN_OBJC_ROOT_CLASS = YES_ERROR;
				CLANG_WARN_QUOTED_INCLUDE_IN_FRAMEWORK_HEADER = YES;
				CLANG_WARN_RANGE_LOOP_ANALYSIS = YES;
				CLANG_WARN_STRICT_PROTOTYPES = YES;
				CLANG_WARN_SUSPICIOUS_MOVE = YES;
				CLANG_WARN_UNGUARDED_AVAILABILITY = YES_AGGRESSIVE;
				CLANG_WARN_UNREACHABLE_CODE = YES;
				CLANG_WARN__DUPLICATE_METHOD_MATCH = YES;
				COPY_PHASE_STRIP = NO;
				DEBUG_INFORMATION_FORMAT = dwarf;
				ENABLE_STRICT_OBJC_MSGSEND = YES;
				ENABLE_TESTABILITY = YES;
				GCC_C_LANGUAGE_STANDARD = gnu11;
				GCC_DYNAMIC_NO_PIC = NO;
				GCC_NO_COMMON_BLOCKS = YES;
				GCC_OPTIMIZATION_LEVEL = 0;
				GCC_PREPROCESSOR_DEFINITIONS = (
					"DEBUG=1",
					"$(inherited)",
				);
				GCC_WARN_64_TO_32_BIT_CONVERSION = YES;
				GCC_WARN_ABOUT_RETURN_TYPE = YES_ERROR;
				GCC_WARN_UNDECLARED_SELECTOR = YES;
				GCC_WARN_UNINITIALIZED_AUTOS = YES_AGGRESSIVE;
				GCC_WARN_UNUSED_FUNCTION = YES;
				GCC_WARN_UNUSED_VARIABLE = YES;
				IPHONEOS_DEPLOYMENT_TARGET = 13.0;
				MTL_ENABLE_DEBUG_INFO = INCLUDE_SOURCE;
				MTL_FAST_MATH = YES;
				ONLY_ACTIVE_ARCH = YES;
				SDKROOT = iphoneos;
				SWIFT_ACTIVE_COMPILATION_CONDITIONS = DEBUG;
				SWIFT_OPTIMIZATION_LEVEL = "-Onone";
			};
			name = Debug;
		};
		36D2A170267DE06D002E962F /* Release */ = {
			isa = XCBuildConfiguration;
			buildSettings = {
				ALWAYS_SEARCH_USER_PATHS = NO;
				CLANG_ANALYZER_NONNULL = YES;
				CLANG_ANALYZER_NUMBER_OBJECT_CONVERSION = YES_AGGRESSIVE;
				CLANG_CXX_LANGUAGE_STANDARD = "gnu++14";
				CLANG_CXX_LIBRARY = "libc++";
				CLANG_ENABLE_MODULES = YES;
				CLANG_ENABLE_OBJC_ARC = YES;
				CLANG_ENABLE_OBJC_WEAK = YES;
				CLANG_WARN_BLOCK_CAPTURE_AUTORELEASING = YES;
				CLANG_WARN_BOOL_CONVERSION = YES;
				CLANG_WARN_COMMA = YES;
				CLANG_WARN_CONSTANT_CONVERSION = YES;
				CLANG_WARN_DEPRECATED_OBJC_IMPLEMENTATIONS = YES;
				CLANG_WARN_DIRECT_OBJC_ISA_USAGE = YES_ERROR;
				CLANG_WARN_DOCUMENTATION_COMMENTS = YES;
				CLANG_WARN_EMPTY_BODY = YES;
				CLANG_WARN_ENUM_CONVERSION = YES;
				CLANG_WARN_INFINITE_RECURSION = YES;
				CLANG_WARN_INT_CONVERSION = YES;
				CLANG_WARN_NON_LITERAL_NULL_CONVERSION = YES;
				CLANG_WARN_OBJC_IMPLICIT_RETAIN_SELF = YES;
				CLANG_WARN_OBJC_LITERAL_CONVERSION = YES;
				CLANG_WARN_OBJC_ROOT_CLASS = YES_ERROR;
				CLANG_WARN_QUOTED_INCLUDE_IN_FRAMEWORK_HEADER = YES;
				CLANG_WARN_RANGE_LOOP_ANALYSIS = YES;
				CLANG_WARN_STRICT_PROTOTYPES = YES;
				CLANG_WARN_SUSPICIOUS_MOVE = YES;
				CLANG_WARN_UNGUARDED_AVAILABILITY = YES_AGGRESSIVE;
				CLANG_WARN_UNREACHABLE_CODE = YES;
				CLANG_WARN__DUPLICATE_METHOD_MATCH = YES;
				COPY_PHASE_STRIP = NO;
				DEBUG_INFORMATION_FORMAT = "dwarf-with-dsym";
				ENABLE_NS_ASSERTIONS = NO;
				ENABLE_STRICT_OBJC_MSGSEND = YES;
				GCC_C_LANGUAGE_STANDARD = gnu11;
				GCC_NO_COMMON_BLOCKS = YES;
				GCC_WARN_64_TO_32_BIT_CONVERSION = YES;
				GCC_WARN_ABOUT_RETURN_TYPE = YES_ERROR;
				GCC_WARN_UNDECLARED_SELECTOR = YES;
				GCC_WARN_UNINITIALIZED_AUTOS = YES_AGGRESSIVE;
				GCC_WARN_UNUSED_FUNCTION = YES;
				GCC_WARN_UNUSED_VARIABLE = YES;
				IPHONEOS_DEPLOYMENT_TARGET = 13.0;
				MTL_ENABLE_DEBUG_INFO = NO;
				MTL_FAST_MATH = YES;
				SDKROOT = iphoneos;
				SWIFT_COMPILATION_MODE = wholemodule;
				SWIFT_OPTIMIZATION_LEVEL = "-O";
				VALIDATE_PRODUCT = YES;
			};
			name = Release;
		};
		36D2A172267DE06D002E962F /* Debug */ = {
			isa = XCBuildConfiguration;
			buildSettings = {
				ASSETCATALOG_COMPILER_APPICON_NAME = AppIcon;
				ASSETCATALOG_COMPILER_GLOBAL_ACCENT_COLOR_NAME = AccentColor;
				CODE_SIGN_STYLE = Automatic;
				DEVELOPMENT_TEAM = AVX2G28UM6;
				INFOPLIST_FILE = AppsPanel/Info.plist;
				LD_RUNPATH_SEARCH_PATHS = (
					"$(inherited)",
					"@executable_path/Frameworks",
				);
				PRODUCT_BUNDLE_IDENTIFIER = info.jevent.near.me.ios.AppsPanel;
				PRODUCT_NAME = "$(TARGET_NAME)";
				SWIFT_VERSION = 5.0;
				TARGETED_DEVICE_FAMILY = 1;
			};
			name = Debug;
		};
		36D2A173267DE06D002E962F /* Release */ = {
			isa = XCBuildConfiguration;
			buildSettings = {
				ASSETCATALOG_COMPILER_APPICON_NAME = AppIcon;
				ASSETCATALOG_COMPILER_GLOBAL_ACCENT_COLOR_NAME = AccentColor;
				CODE_SIGN_STYLE = Automatic;
				DEVELOPMENT_TEAM = AVX2G28UM6;
				INFOPLIST_FILE = AppsPanel/Info.plist;
				LD_RUNPATH_SEARCH_PATHS = (
					"$(inherited)",
					"@executable_path/Frameworks",
				);
				PRODUCT_BUNDLE_IDENTIFIER = info.jevent.near.me.ios.AppsPanel;
				PRODUCT_NAME = "$(TARGET_NAME)";
				SWIFT_VERSION = 5.0;
				TARGETED_DEVICE_FAMILY = 1;
			};
			name = Release;
		};
		36D2A175267DE06D002E962F /* Debug */ = {
			isa = XCBuildConfiguration;
			buildSettings = {
				ALWAYS_EMBED_SWIFT_STANDARD_LIBRARIES = YES;
				BUNDLE_LOADER = "$(TEST_HOST)";
				CODE_SIGN_STYLE = Automatic;
				INFOPLIST_FILE = AppsPanelTests/Info.plist;
				IPHONEOS_DEPLOYMENT_TARGET = 14.5;
				LD_RUNPATH_SEARCH_PATHS = (
					"$(inherited)",
					"@executable_path/Frameworks",
					"@loader_path/Frameworks",
				);
				PRODUCT_BUNDLE_IDENTIFIER = info.jevent.near.me.ios.AppsPanelTests;
				PRODUCT_NAME = "$(TARGET_NAME)";
				SWIFT_VERSION = 5.0;
				TARGETED_DEVICE_FAMILY = "1,2";
				TEST_HOST = "$(BUILT_PRODUCTS_DIR)/AppsPanel.app/AppsPanel";
			};
			name = Debug;
		};
		36D2A176267DE06D002E962F /* Release */ = {
			isa = XCBuildConfiguration;
			buildSettings = {
				ALWAYS_EMBED_SWIFT_STANDARD_LIBRARIES = YES;
				BUNDLE_LOADER = "$(TEST_HOST)";
				CODE_SIGN_STYLE = Automatic;
				INFOPLIST_FILE = AppsPanelTests/Info.plist;
				IPHONEOS_DEPLOYMENT_TARGET = 14.5;
				LD_RUNPATH_SEARCH_PATHS = (
					"$(inherited)",
					"@executable_path/Frameworks",
					"@loader_path/Frameworks",
				);
				PRODUCT_BUNDLE_IDENTIFIER = info.jevent.near.me.ios.AppsPanelTests;
				PRODUCT_NAME = "$(TARGET_NAME)";
				SWIFT_VERSION = 5.0;
				TARGETED_DEVICE_FAMILY = "1,2";
				TEST_HOST = "$(BUILT_PRODUCTS_DIR)/AppsPanel.app/AppsPanel";
			};
			name = Release;
		};
		36D2A178267DE06D002E962F /* Debug */ = {
			isa = XCBuildConfiguration;
			buildSettings = {
				ALWAYS_EMBED_SWIFT_STANDARD_LIBRARIES = YES;
				CODE_SIGN_STYLE = Automatic;
				INFOPLIST_FILE = AppsPanelUITests/Info.plist;
				LD_RUNPATH_SEARCH_PATHS = (
					"$(inherited)",
					"@executable_path/Frameworks",
					"@loader_path/Frameworks",
				);
				PRODUCT_BUNDLE_IDENTIFIER = info.jevent.near.me.ios.AppsPanelUITests;
				PRODUCT_NAME = "$(TARGET_NAME)";
				SWIFT_VERSION = 5.0;
				TARGETED_DEVICE_FAMILY = "1,2";
				TEST_TARGET_NAME = AppsPanel;
			};
			name = Debug;
		};
		36D2A179267DE06D002E962F /* Release */ = {
			isa = XCBuildConfiguration;
			buildSettings = {
				ALWAYS_EMBED_SWIFT_STANDARD_LIBRARIES = YES;
				CODE_SIGN_STYLE = Automatic;
				INFOPLIST_FILE = AppsPanelUITests/Info.plist;
				LD_RUNPATH_SEARCH_PATHS = (
					"$(inherited)",
					"@executable_path/Frameworks",
					"@loader_path/Frameworks",
				);
				PRODUCT_BUNDLE_IDENTIFIER = info.jevent.near.me.ios.AppsPanelUITests;
				PRODUCT_NAME = "$(TARGET_NAME)";
				SWIFT_VERSION = 5.0;
				TARGETED_DEVICE_FAMILY = "1,2";
				TEST_TARGET_NAME = AppsPanel;
			};
			name = Release;
		};
/* End XCBuildConfiguration section */

/* Begin XCConfigurationList section */
		36D2A142267DE06A002E962F /* Build configuration list for PBXProject "AppsPanel" */ = {
			isa = XCConfigurationList;
			buildConfigurations = (
				36D2A16F267DE06D002E962F /* Debug */,
				36D2A170267DE06D002E962F /* Release */,
			);
			defaultConfigurationIsVisible = 0;
			defaultConfigurationName = Release;
		};
		36D2A171267DE06D002E962F /* Build configuration list for PBXNativeTarget "AppsPanel" */ = {
			isa = XCConfigurationList;
			buildConfigurations = (
				36D2A172267DE06D002E962F /* Debug */,
				36D2A173267DE06D002E962F /* Release */,
			);
			defaultConfigurationIsVisible = 0;
			defaultConfigurationName = Release;
		};
		36D2A174267DE06D002E962F /* Build configuration list for PBXNativeTarget "AppsPanelTests" */ = {
			isa = XCConfigurationList;
			buildConfigurations = (
				36D2A175267DE06D002E962F /* Debug */,
				36D2A176267DE06D002E962F /* Release */,
			);
			defaultConfigurationIsVisible = 0;
			defaultConfigurationName = Release;
		};
		36D2A177267DE06D002E962F /* Build configuration list for PBXNativeTarget "AppsPanelUITests" */ = {
			isa = XCConfigurationList;
			buildConfigurations = (
				36D2A178267DE06D002E962F /* Debug */,
				36D2A179267DE06D002E962F /* Release */,
			);
			defaultConfigurationIsVisible = 0;
			defaultConfigurationName = Release;
		};
/* End XCConfigurationList section */
	};
	rootObject = 36D2A13F267DE06A002E962F /* Project object */;
}
